{
  "nodes": {
    "meme": {
      "flake": false,
      "locked": {
        "lastModified": 1753252876,
        "narHash": "sha256-Hfpr8ne9Vrsp7PYWVHJur4yPLdvpZRLZoZYG0SVBOfc=",
        "owner": "reuixiy",
        "repo": "hugo-theme-meme",
        "rev": "cf2d984118c34acc8b4e00da50b5c39aa305b8ac",
        "type": "github"
      },
      "original": {
        "owner": "reuixiy",
        "repo": "hugo-theme-meme",
        "type": "github"
      }
    },
    "nixpkgs": {
      "locked": {
        "lastModified": 1767116409,
        "narHash": "sha256-5vKw92l1GyTnjoLzEagJy5V5mDFck72LiQWZSOnSicw=",
        "owner": "nixos",
        "repo": "nixpkgs",
        "rev": "cad22e7d996aea55ecab064e84834289143e44a0",
        "type": "github"
      },
      "original": {
        "owner": "nixos",
        "ref": "nixos-unstable",
        "repo": "nixpkgs",
        "type": "github"
      }
    },
    "root": {
      "inputs": {
        "meme": "meme",
        "nixpkgs": "nixpkgs"
      }
    }
  },
  "root": "root",
  "version": 7
}
